// !$*UTF8*$!
{
	archiveVersion = 1;
	classes = {
	};
	objectVersion = 50;
	objects = {

/* Begin PBXBuildFile section */
		7A9BD993267236E90068E44D /* AppDelegate.swift in Sources */ = {isa = PBXBuildFile; fileRef = 7A9BD992267236E90068E44D /* AppDelegate.swift */; };
		7A9BD995267236E90068E44D /* SceneDelegate.swift in Sources */ = {isa = PBXBuildFile; fileRef = 7A9BD994267236E90068E44D /* SceneDelegate.swift */; };
		7A9BD997267236E90068E44D /* FirstTableViewController.swift in Sources */ = {isa = PBXBuildFile; fileRef = 7A9BD996267236E90068E44D /* FirstTableViewController.swift */; };
		7A9BD99A267236E90068E44D /* Main.storyboard in Resources */ = {isa = PBXBuildFile; fileRef = 7A9BD998267236E90068E44D /* Main.storyboard */; };
		7A9BD99C267236EC0068E44D /* Assets.xcassets in Resources */ = {isa = PBXBuildFile; fileRef = 7A9BD99B267236EC0068E44D /* Assets.xcassets */; };
		7A9BD99F267236EC0068E44D /* LaunchScreen.storyboard in Resources */ = {isa = PBXBuildFile; fileRef = 7A9BD99D267236EC0068E44D /* LaunchScreen.storyboard */; };
		7A9BD9A7267240A80068E44D /* Person.swift in Sources */ = {isa = PBXBuildFile; fileRef = 7A9BD9A6267240A80068E44D /* Person.swift */; };
		7A9BD9A9267361470068E44D /* SecondTableViewController.swift in Sources */ = {isa = PBXBuildFile; fileRef = 7A9BD9A8267361470068E44D /* SecondTableViewController.swift */; };
		7A9BD9AB2673799C0068E44D /* PersonInfoViewController.swift in Sources */ = {isa = PBXBuildFile; fileRef = 7A9BD9AA2673799C0068E44D /* PersonInfoViewController.swift */; };
		7A9BD9B126743E310068E44D /* Data.swift in Sources */ = {isa = PBXBuildFile; fileRef = 7A9BD9B026743E310068E44D /* Data.swift */; };
		7A9BD9B326760AA10068E44D /* NewPersonTableViewController.swift in Sources */ = {isa = PBXBuildFile; fileRef = 7A9BD9B226760AA10068E44D /* NewPersonTableViewController.swift */; };
/* End PBXBuildFile section */

/* Begin PBXFileReference section */
		7A9BD98F267236E90068E44D /* homeWork2.7.app */ = {isa = PBXFileReference; explicitFileType = wrapper.application; includeInIndex = 0; path = homeWork2.7.app; sourceTree = BUILT_PRODUCTS_DIR; };
		7A9BD992267236E90068E44D /* AppDelegate.swift */ = {isa = PBXFileReference; lastKnownFileType = sourcecode.swift; path = AppDelegate.swift; sourceTree = "<group>"; };
		7A9BD994267236E90068E44D /* SceneDelegate.swift */ = {isa = PBXFileReference; lastKnownFileType = sourcecode.swift; path = SceneDelegate.swift; sourceTree = "<group>"; };
		7A9BD996267236E90068E44D /* FirstTableViewController.swift */ = {isa = PBXFileReference; lastKnownFileType = sourcecode.swift; path = FirstTableViewController.swift; sourceTree = "<group>"; };
		7A9BD999267236E90068E44D /* Base */ = {isa = PBXFileReference; lastKnownFileType = file.storyboard; name = Base; path = Base.lproj/Main.storyboard; sourceTree = "<group>"; };
		7A9BD99B267236EC0068E44D /* Assets.xcassets */ = {isa = PBXFileReference; lastKnownFileType = folder.assetcatalog; path = Assets.xcassets; sourceTree = "<group>"; };
		7A9BD99E267236EC0068E44D /* Base */ = {isa = PBXFileReference; lastKnownFileType = file.storyboard; name = Base; path = Base.lproj/LaunchScreen.storyboard; sourceTree = "<group>"; };
		7A9BD9A0267236EC0068E44D /* Info.plist */ = {isa = PBXFileReference; lastKnownFileType = text.plist.xml; path = Info.plist; sourceTree = "<group>"; };
		7A9BD9A6267240A80068E44D /* Person.swift */ = {isa = PBXFileReference; lastKnownFileType = sourcecode.swift; path = Person.swift; sourceTree = "<group>"; };
		7A9BD9A8267361470068E44D /* SecondTableViewController.swift */ = {isa = PBXFileReference; lastKnownFileType = sourcecode.swift; path = SecondTableViewController.swift; sourceTree = "<group>"; };
		7A9BD9AA2673799C0068E44D /* PersonInfoViewController.swift */ = {isa = PBXFileReference; lastKnownFileType = sourcecode.swift; path = PersonInfoViewController.swift; sourceTree = "<group>"; };
		7A9BD9B026743E310068E44D /* Data.swift */ = {isa = PBXFileReference; lastKnownFileType = sourcecode.swift; path = Data.swift; sourceTree = "<group>"; };
		7A9BD9B226760AA10068E44D /* NewPersonTableViewController.swift */ = {isa = PBXFileReference; lastKnownFileType = sourcecode.swift; path = NewPersonTableViewController.swift; sourceTree = "<group>"; };
/* End PBXFileReference section */

/* Begin PBXFrameworksBuildPhase section */
		7A9BD98C267236E90068E44D /* Frameworks */ = {
			isa = PBXFrameworksBuildPhase;
			buildActionMask = 2147483647;
			files = (
			);
			runOnlyForDeploymentPostprocessing = 0;
		};
/* End PBXFrameworksBuildPhase section */

/* Begin PBXGroup section */
		7A9BD986267236E90068E44D = {
			isa = PBXGroup;
			children = (
				7A9BD991267236E90068E44D /* homeWork2.7 */,
				7A9BD990267236E90068E44D /* Products */,
			);
			sourceTree = "<group>";
		};
		7A9BD990267236E90068E44D /* Products */ = {
			isa = PBXGroup;
			children = (
				7A9BD98F267236E90068E44D /* homeWork2.7.app */,
			);
			name = Products;
			sourceTree = "<group>";
		};
		7A9BD991267236E90068E44D /* homeWork2.7 */ = {
			isa = PBXGroup;
			children = (
				7A9BD9AF26743DF30068E44D /* Resources */,
				7A9BD9AE26741AF90068E44D /* Storyboards */,
				7A9BD9AD26741AE40068E44D /* Models */,
				7A9BD9AC26741AC40068E44D /* ViewControllers */,
				7A9BD992267236E90068E44D /* AppDelegate.swift */,
				7A9BD994267236E90068E44D /* SceneDelegate.swift */,
				7A9BD9A0267236EC0068E44D /* Info.plist */,
			);
			path = homeWork2.7;
			sourceTree = "<group>";
		};
		7A9BD9AC26741AC40068E44D /* ViewControllers */ = {
			isa = PBXGroup;
			children = (
				7A9BD996267236E90068E44D /* FirstTableViewController.swift */,
				7A9BD9A8267361470068E44D /* SecondTableViewController.swift */,
				7A9BD9AA2673799C0068E44D /* PersonInfoViewController.swift */,
				7A9BD9B226760AA10068E44D /* NewPersonTableViewController.swift */,
			);
			path = ViewControllers;
			sourceTree = "<group>";
		};
		7A9BD9AD26741AE40068E44D /* Models */ = {
			isa = PBXGroup;
			children = (
				7A9BD9A6267240A80068E44D /* Person.swift */,
			);
			path = Models;
			sourceTree = "<group>";
		};
		7A9BD9AE26741AF90068E44D /* Storyboards */ = {
			isa = PBXGroup;
			children = (
				7A9BD998267236E90068E44D /* Main.storyboard */,
				7A9BD99D267236EC0068E44D /* LaunchScreen.storyboard */,
			);
			path = Storyboards;
			sourceTree = "<group>";
		};
		7A9BD9AF26743DF30068E44D /* Resources */ = {
			isa = PBXGroup;
			children = (
				7A9BD99B267236EC0068E44D /* Assets.xcassets */,
				7A9BD9B026743E310068E44D /* Data.swift */,
			);
			path = Resources;
			sourceTree = "<group>";
		};
/* End PBXGroup section */

/* Begin PBXNativeTarget section */
		7A9BD98E267236E90068E44D /* homeWork2.7 */ = {
			isa = PBXNativeTarget;
			buildConfigurationList = 7A9BD9A3267236EC0068E44D /* Build configuration list for PBXNativeTarget "homeWork2.7" */;
			buildPhases = (
				7A9BD98B267236E90068E44D /* Sources */,
				7A9BD98C267236E90068E44D /* Frameworks */,
				7A9BD98D267236E90068E44D /* Resources */,
			);
			buildRules = (
			);
			dependencies = (
			);
			name = homeWork2.7;
			productName = homeWork2.7;
			productReference = 7A9BD98F267236E90068E44D /* homeWork2.7.app */;
			productType = "com.apple.product-type.application";
		};
/* End PBXNativeTarget section */

/* Begin PBXProject section */
		7A9BD987267236E90068E44D /* Project object */ = {
			isa = PBXProject;
			attributes = {
				LastSwiftUpdateCheck = 1250;
				LastUpgradeCheck = 1250;
				TargetAttributes = {
					7A9BD98E267236E90068E44D = {
						CreatedOnToolsVersion = 12.5;
					};
				};
			};
			buildConfigurationList = 7A9BD98A267236E90068E44D /* Build configuration list for PBXProject "homeWork2.7" */;
			compatibilityVersion = "Xcode 9.3";
			developmentRegion = en;
			hasScannedForEncodings = 0;
			knownRegions = (
				en,
				Base,
			);
			mainGroup = 7A9BD986267236E90068E44D;
			productRefGroup = 7A9BD990267236E90068E44D /* Products */;
			projectDirPath = "";
			projectRoot = "";
			targets = (
				7A9BD98E267236E90068E44D /* homeWork2.7 */,
			);
		};
/* End PBXProject section */

/* Begin PBXResourcesBuildPhase section */
		7A9BD98D267236E90068E44D /* Resources */ = {
			isa = PBXResourcesBuildPhase;
			buildActionMask = 2147483647;
			files = (
				7A9BD99F267236EC0068E44D /* LaunchScreen.storyboard in Resources */,
				7A9BD99C267236EC0068E44D /* Assets.xcassets in Resources */,
				7A9BD99A267236E90068E44D /* Main.storyboard in Resources */,
			);
			runOnlyForDeploymentPostprocessing = 0;
		};
/* End PBXResourcesBuildPhase section */

/* Begin PBXSourcesBuildPhase section */
		7A9BD98B267236E90068E44D /* Sources */ = {
			isa = PBXSourcesBuildPhase;
			buildActionMask = 2147483647;
			files = (
				7A9BD9B126743E310068E44D /* Data.swift in Sources */,
				7A9BD9B326760AA10068E44D /* NewPersonTableViewController.swift in Sources */,
				7A9BD997267236E90068E44D /* FirstTableViewController.swift in Sources */,
				7A9BD9AB2673799C0068E44D /* PersonInfoViewController.swift in Sources */,
				7A9BD9A9267361470068E44D /* SecondTableViewController.swift in Sources */,
				7A9BD993267236E90068E44D /* AppDelegate.swift in Sources */,
				7A9BD9A7267240A80068E44D /* Person.swift in Sources */,
				7A9BD995267236E90068E44D /* SceneDelegate.swift in Sources */,
			);
			runOnlyForDeploymentPostprocessing = 0;
		};
/* End PBXSourcesBuildPhase section */

/* Begin PBXVariantGroup section */
		7A9BD998267236E90068E44D /* Main.storyboard */ = {
			isa = PBXVariantGroup;
			children = (
				7A9BD999267236E90068E44D /* Base */,
			);
			name = Main.storyboard;
			sourceTree = "<group>";
		};
		7A9BD99D267236EC0068E44D /* LaunchScreen.storyboard */ = {
			isa = PBXVariantGroup;
			children = (
				7A9BD99E267236EC0068E44D /* Base */,
			);
			name = LaunchScreen.storyboard;
			sourceTree = "<group>";
		};
/* End PBXVariantGroup section */

/* Begin XCBuildConfiguration section */
		7A9BD9A1267236EC0068E44D /* Debug */ = {
			isa = XCBuildConfiguration;
			buildSettings = {
				ALWAYS_SEARCH_USER_PATHS = NO;
				CLANG_ANALYZER_NONNULL = YES;
				CLANG_ANALYZER_NUMBER_OBJECT_CONVERSION = YES_AGGRESSIVE;
				CLANG_CXX_LANGUAGE_STANDARD = "gnu++14";
				CLANG_CXX_LIBRARY = "libc++";
				CLANG_ENABLE_MODULES = YES;
				CLANG_ENABLE_OBJC_ARC = YES;
				CLANG_ENABLE_OBJC_WEAK = YES;
				CLANG_WARN_BLOCK_CAPTURE_AUTORELEASING = YES;
				CLANG_WARN_BOOL_CONVERSION = YES;
				CLANG_WARN_COMMA = YES;
				CLANG_WARN_CONSTANT_CONVERSION = YES;
				CLANG_WARN_DEPRECATED_OBJC_IMPLEMENTATIONS = YES;
				CLANG_WARN_DIRECT_OBJC_ISA_USAGE = YES_ERROR;
				CLANG_WARN_DOCUMENTATION_COMMENTS = YES;
				CLANG_WARN_EMPTY_BODY = YES;
				CLANG_WARN_ENUM_CONVERSION = YES;
				CLANG_WARN_INFINITE_RECURSION = YES;
				CLANG_WARN_INT_CONVERSION = YES;
				CLANG_WARN_NON_LITERAL_NULL_CONVERSION = YES;
				CLANG_WARN_OBJC_IMPLICIT_RETAIN_SELF = YES;
				CLANG_WARN_OBJC_LITERAL_CONVERSION = YES;
				CLANG_WARN_OBJC_ROOT_CLASS = YES_ERROR;
				CLANG_WARN_QUOTED_INCLUDE_IN_FRAMEWORK_HEADER = YES;
				CLANG_WARN_RANGE_LOOP_ANALYSIS = YES;
				CLANG_WARN_STRICT_PROTOTYPES = YES;
				CLANG_WARN_SUSPICIOUS_MOVE = YES;
				CLANG_WARN_UNGUARDED_AVAILABILITY = YES_AGGRESSIVE;
				CLANG_WARN_UNREACHABLE_CODE = YES;
				CLANG_WARN__DUPLICATE_METHOD_MATCH = YES;
				COPY_PHASE_STRIP = NO;
				DEBUG_INFORMATION_FORMAT = dwarf;
				ENABLE_STRICT_OBJC_MSGSEND = YES;
				ENABLE_TESTABILITY = YES;
				GCC_C_LANGUAGE_STANDARD = gnu11;
				GCC_DYNAMIC_NO_PIC = NO;
				GCC_NO_COMMON_BLOCKS = YES;
				GCC_OPTIMIZATION_LEVEL = 0;
				GCC_PREPROCESSOR_DEFINITIONS = (
					"DEBUG=1",
					"$(inherited)",
				);
				GCC_WARN_64_TO_32_BIT_CONVERSION = YES;
				GCC_WARN_ABOUT_RETURN_TYPE = YES_ERROR;
				GCC_WARN_UNDECLARED_SELECTOR = YES;
				GCC_WARN_UNINITIALIZED_AUTOS = YES_AGGRESSIVE;
				GCC_WARN_UNUSED_FUNCTION = YES;
				GCC_WARN_UNUSED_VARIABLE = YES;
				IPHONEOS_DEPLOYMENT_TARGET = 14.5;
				MTL_ENABLE_DEBUG_INFO = INCLUDE_SOURCE;
				MTL_FAST_MATH = YES;
				ONLY_ACTIVE_ARCH = YES;
				SDKROOT = iphoneos;
				SWIFT_ACTIVE_COMPILATION_CONDITIONS = DEBUG;
				SWIFT_OPTIMIZATION_LEVEL = "-Onone";
			};
			name = Debug;
		};
		7A9BD9A2267236EC0068E44D /* Release */ = {
			isa = XCBuildConfiguration;
			buildSettings = {
				ALWAYS_SEARCH_USER_PATHS = NO;
				CLANG_ANALYZER_NONNULL = YES;
				CLANG_ANALYZER_NUMBER_OBJECT_CONVERSION = YES_AGGRESSIVE;
				CLANG_CXX_LANGUAGE_STANDARD = "gnu++14";
				CLANG_CXX_LIBRARY = "libc++";
				CLANG_ENABLE_MODULES = YES;
				CLANG_ENABLE_OBJC_ARC = YES;
				CLANG_ENABLE_OBJC_WEAK = YES;
				CLANG_WARN_BLOCK_CAPTURE_AUTORELEASING = YES;
				CLANG_WARN_BOOL_CONVERSION = YES;
				CLANG_WARN_COMMA = YES;
				CLANG_WARN_CONSTANT_CONVERSION = YES;
				CLANG_WARN_DEPRECATED_OBJC_IMPLEMENTATIONS = YES;
				CLANG_WARN_DIRECT_OBJC_ISA_USAGE = YES_ERROR;
				CLANG_WARN_DOCUMENTATION_COMMENTS = YES;
				CLANG_WARN_EMPTY_BODY = YES;
				CLANG_WARN_ENUM_CONVERSION = YES;
				CLANG_WARN_INFINITE_RECURSION = YES;
				CLANG_WARN_INT_CONVERSION = YES;
				CLANG_WARN_NON_LITERAL_NULL_CONVERSION = YES;
				CLANG_WARN_OBJC_IMPLICIT_RETAIN_SELF = YES;
				CLANG_WARN_OBJC_LITERAL_CONVERSION = YES;
				CLANG_WARN_OBJC_ROOT_CLASS = YES_ERROR;
				CLANG_WARN_QUOTED_INCLUDE_IN_FRAMEWORK_HEADER = YES;
				CLANG_WARN_RANGE_LOOP_ANALYSIS = YES;
				CLANG_WARN_STRICT_PROTOTYPES = YES;
				CLANG_WARN_SUSPICIOUS_MOVE = YES;
				CLANG_WARN_UNGUARDED_AVAILABILITY = YES_AGGRESSIVE;
				CLANG_WARN_UNREACHABLE_CODE = YES;
				CLANG_WARN__DUPLICATE_METHOD_MATCH = YES;
				COPY_PHASE_STRIP = NO;
				DEBUG_INFORMATION_FORMAT = "dwarf-with-dsym";
				ENABLE_NS_ASSERTIONS = NO;
				ENABLE_STRICT_OBJC_MSGSEND = YES;
				GCC_C_LANGUAGE_STANDARD = gnu11;
				GCC_NO_COMMON_BLOCKS = YES;
				GCC_WARN_64_TO_32_BIT_CONVERSION = YES;
				GCC_WARN_ABOUT_RETURN_TYPE = YES_ERROR;
				GCC_WARN_UNDECLARED_SELECTOR = YES;
				GCC_WARN_UNINITIALIZED_AUTOS = YES_AGGRESSIVE;
				GCC_WARN_UNUSED_FUNCTION = YES;
				GCC_WARN_UNUSED_VARIABLE = YES;
				IPHONEOS_DEPLOYMENT_TARGET = 14.5;
				MTL_ENABLE_DEBUG_INFO = NO;
				MTL_FAST_MATH = YES;
				SDKROOT = iphoneos;
				SWIFT_COMPILATION_MODE = wholemodule;
				SWIFT_OPTIMIZATION_LEVEL = "-O";
				VALIDATE_PRODUCT = YES;
			};
			name = Release;
		};
		7A9BD9A4267236EC0068E44D /* Debug */ = {
			isa = XCBuildConfiguration;
			buildSettings = {
				ASSETCATALOG_COMPILER_APPICON_NAME = AppIcon;
				ASSETCATALOG_COMPILER_GLOBAL_ACCENT_COLOR_NAME = AccentColor;
				CODE_SIGN_STYLE = Automatic;
				DEVELOPMENT_TEAM = J3726986L3;
				INFOPLIST_FILE = homeWork2.7/Info.plist;
				IPHONEOS_DEPLOYMENT_TARGET = 14.1;
				LD_RUNPATH_SEARCH_PATHS = (
					"$(inherited)",
					"@executable_path/Frameworks",
				);
				PRODUCT_BUNDLE_IDENTIFIER = "Melasha.homeWork2-7";
				PRODUCT_NAME = "$(TARGET_NAME)";
				SWIFT_VERSION = 5.0;
				TARGETED_DEVICE_FAMILY = 1;
			};
			name = Debug;
		};
		7A9BD9A5267236EC0068E44D /* Release */ = {
			isa = XCBuildConfiguration;
			buildSettings = {
				ASSETCATALOG_COMPILER_APPICON_NAME = AppIcon;
				ASSETCATALOG_COMPILER_GLOBAL_ACCENT_COLOR_NAME = AccentColor;
				CODE_SIGN_STYLE = Automatic;
				DEVELOPMENT_TEAM = J3726986L3;
				INFOPLIST_FILE = homeWork2.7/Info.plist;
				IPHONEOS_DEPLOYMENT_TARGET = 14.1;
				LD_RUNPATH_SEARCH_PATHS = (
					"$(inherited)",
					"@executable_path/Frameworks",
				);
				PRODUCT_BUNDLE_IDENTIFIER = "Melasha.homeWork2-7";
				PRODUCT_NAME = "$(TARGET_NAME)";
				SWIFT_VERSION = 5.0;
				TARGETED_DEVICE_FAMILY = 1;
			};
			name = Release;
		};
/* End XCBuildConfiguration section */

/* Begin XCConfigurationList section */
		7A9BD98A267236E90068E44D /* Build configuration list for PBXProject "homeWork2.7" */ = {
			isa = XCConfigurationList;
			buildConfigurations = (
				7A9BD9A1267236EC0068E44D /* Debug */,
				7A9BD9A2267236EC0068E44D /* Release */,
			);
			defaultConfigurationIsVisible = 0;
			defaultConfigurationName = Release;
		};
		7A9BD9A3267236EC0068E44D /* Build configuration list for PBXNativeTarget "homeWork2.7" */ = {
			isa = XCConfigurationList;
			buildConfigurations = (
				7A9BD9A4267236EC0068E44D /* Debug */,
				7A9BD9A5267236EC0068E44D /* Release */,
			);
			defaultConfigurationIsVisible = 0;
			defaultConfigurationName = Release;
		};
/* End XCConfigurationList section */
	};
	rootObject = 7A9BD987267236E90068E44D /* Project object */;
}
